
Microsoft Visual Studio Solution File, Format Version 12.00
# Visual Studio Version 16
VisualStudioVersion = 16.0.31205.134
MinimumVisualStudioVersion = 10.0.40219.1
Project("{FAE04EC0-301F-11D3-BF4B-00C04F79EFBC}") = "Amazon.Scrapper.Api", "Amazon.Scrapper\Amazon.Scrapper.Api.csproj", "{6FE56477-ACE8-48F8-8652-FF9E62FC89E5}"
EndProject
Project("{FAE04EC0-301F-11D3-BF4B-00C04F79EFBC}") = "Amazon.Scrapper.UseCases", "Amazon.Scrapper.Core\Amazon.Scrapper.UseCases.csproj", "{77B7297F-6E70-420F-894F-0DE60C9FBA4D}"
EndProject
Project("{FAE04EC0-301F-11D3-BF4B-00C04F79EFBC}") = "Amazon.Scrapper.Entities", "Amazon.Scrapper.Entities\Amazon.Scrapper.Entities.csproj", "{ACD47821-4682-4C72-880B-34F787C0C537}"
EndProject
Project("{FAE04EC0-301F-11D3-BF4B-00C04F79EFBC}") = "Amazon.Scrapper.UseCases.Tests", "Amazon.Scrapper.UseCases.Tests\Amazon.Scrapper.UseCases.Tests.csproj", "{B4B635C5-D311-494A-A078-018EF9834D66}"
EndProject
Global
	GlobalSection(SolutionConfigurationPlatforms) = preSolution
		Debug|Any CPU = Debug|Any CPU
		Release|Any CPU = Release|Any CPU
	EndGlobalSection
	GlobalSection(ProjectConfigurationPlatforms) = postSolution
		{6FE56477-ACE8-48F8-8652-FF9E62FC89E5}.Debug|Any CPU.ActiveCfg = Debug|Any CPU
		{6FE56477-ACE8-48F8-8652-FF9E62FC89E5}.Debug|Any CPU.Build.0 = Debug|Any CPU
		{6FE56477-ACE8-48F8-8652-FF9E62FC89E5}.Release|Any CPU.ActiveCfg = Release|Any CPU
		{6FE56477-ACE8-48F8-8652-FF9E62FC89E5}.Release|Any CPU.Build.0 = Release|Any CPU
		{77B7297F-6E70-420F-894F-0DE60C9FBA4D}.Debug|Any CPU.ActiveCfg = Debug|Any CPU
		{77B7297F-6E70-420F-894F-0DE60C9FBA4D}.Debug|Any CPU.Build.0 = Debug|Any CPU
		{77B7297F-6E70-420F-894F-0DE60C9FBA4D}.Release|Any CPU.ActiveCfg = Release|Any CPU
		{77B7297F-6E70-420F-894F-0DE60C9FBA4D}.Release|Any CPU.Build.0 = Release|Any CPU
		{ACD47821-4682-4C72-880B-34F787C0C537}.Debug|Any CPU.ActiveCfg = Debug|Any CPU
		{ACD47821-4682-4C72-880B-34F787C0C537}.Debug|Any CPU.Build.0 = Debug|Any CPU
		{ACD47821-4682-4C72-880B-34F787C0C537}.Release|Any CPU.ActiveCfg = Release|Any CPU
		{ACD47821-4682-4C72-880B-34F787C0C537}.Release|Any CPU.Build.0 = Release|Any CPU
		{B4B635C5-D311-494A-A078-018EF9834D66}.Debug|Any CPU.ActiveCfg = Debug|Any CPU
		{B4B635C5-D311-494A-A078-018EF9834D66}.Debug|Any CPU.Build.0 = Debug|Any CPU
		{B4B635C5-D311-494A-A078-018EF9834D66}.Release|Any CPU.ActiveCfg = Release|Any CPU
		{B4B635C5-D311-494A-A078-018EF9834D66}.Release|Any CPU.Build.0 = Release|Any CPU
	EndGlobalSection
	GlobalSection(SolutionProperties) = preSolution
		HideSolutionNode = FALSE
	EndGlobalSection
	GlobalSection(ExtensibilityGlobals) = postSolution
		SolutionGuid = {7D916AF5-4CEC-4BAE-95DF-BA25F97EDBD9}
	EndGlobalSection
EndGlobal
